
Microsoft Visual Studio Solution File, Format Version 12.00
# Visual Studio Version 17
VisualStudioVersion = 17.13.35828.75 d17.13
MinimumVisualStudioVersion = 10.0.40219.1
Project("{FAE04EC0-301F-11D3-BF4B-00C04F79EFBC}") = "BookClass", "BookClass\BookClass.csproj", "{66DB2328-E0A3-4E70-AF77-55D68E09C87E}"
EndProject
Project("{FAE04EC0-301F-11D3-BF4B-00C04F79EFBC}") = "Consumer", "Consumer\Consumer.csproj", "{63CFCAA9-ED60-4BEC-BFE2-E2618A6F0E62}"
EndProject
Global
	GlobalSection(SolutionConfigurationPlatforms) = preSolution
		Debug|Any CPU = Debug|Any CPU
		Release|Any CPU = Release|Any CPU
	EndGlobalSection
	GlobalSection(ProjectConfigurationPlatforms) = postSolution
		{66DB2328-E0A3-4E70-AF77-55D68E09C87E}.Debug|Any CPU.ActiveCfg = Debug|Any CPU
		{66DB2328-E0A3-4E70-AF77-55D68E09C87E}.Debug|Any CPU.Build.0 = Debug|Any CPU
		{66DB2328-E0A3-4E70-AF77-55D68E09C87E}.Release|Any CPU.ActiveCfg = Release|Any CPU
		{66DB2328-E0A3-4E70-AF77-55D68E09C87E}.Release|Any CPU.Build.0 = Release|Any CPU
		{63CFCAA9-ED60-4BEC-BFE2-E2618A6F0E62}.Debug|Any CPU.ActiveCfg = Debug|Any CPU
		{63CFCAA9-ED60-4BEC-BFE2-E2618A6F0E62}.Debug|Any CPU.Build.0 = Debug|Any CPU
		{63CFCAA9-ED60-4BEC-BFE2-E2618A6F0E62}.Release|Any CPU.ActiveCfg = Release|Any CPU
		{63CFCAA9-ED60-4BEC-BFE2-E2618A6F0E62}.Release|Any CPU.Build.0 = Release|Any CPU
	EndGlobalSection
	GlobalSection(SolutionProperties) = preSolution
		HideSolutionNode = FALSE
	EndGlobalSection
	GlobalSection(ExtensibilityGlobals) = postSolution
		SolutionGuid = {E4F6481E-4F9D-4933-85C2-14D803E9A464}
	EndGlobalSection
EndGlobal
